// !$*UTF8*$!
{
	archiveVersion = 1;
	classes = {
	};
	objectVersion = 46;
	objects = {

/* Begin PBXBuildFile section */
		4A2C41C61BF4D8CA00D071CD /* LGFilterView.m in Sources */ = {isa = PBXBuildFile; fileRef = 4A2C41C31BF4D8CA00D071CD /* LGFilterView.m */; };
		4A2C41C71BF4D8CA00D071CD /* LGFilterViewCell.m in Sources */ = {isa = PBXBuildFile; fileRef = 4A2C41C51BF4D8CA00D071CD /* LGFilterViewCell.m */; };
		4A6355F61AC96C0800F51478 /* main.m in Sources */ = {isa = PBXBuildFile; fileRef = 4A6355F51AC96C0800F51478 /* main.m */; };
		4A6355F91AC96C0800F51478 /* AppDelegate.m in Sources */ = {isa = PBXBuildFile; fileRef = 4A6355F81AC96C0800F51478 /* AppDelegate.m */; };
		4A6355FC1AC96C0800F51478 /* ViewController.m in Sources */ = {isa = PBXBuildFile; fileRef = 4A6355FB1AC96C0800F51478 /* ViewController.m */; };
		4A6356011AC96C0800F51478 /* Images.xcassets in Resources */ = {isa = PBXBuildFile; fileRef = 4A6356001AC96C0800F51478 /* Images.xcassets */; };
		4A63561B1AC96CF900F51478 /* NavigationController.m in Sources */ = {isa = PBXBuildFile; fileRef = 4A63561A1AC96CF900F51478 /* NavigationController.m */; };
/* End PBXBuildFile section */

/* Begin PBXFileReference section */
		4A2C41C21BF4D8CA00D071CD /* LGFilterView.h */ = {isa = PBXFileReference; fileEncoding = 4; lastKnownFileType = sourcecode.c.h; path = LGFilterView.h; sourceTree = "<group>"; };
		4A2C41C31BF4D8CA00D071CD /* LGFilterView.m */ = {isa = PBXFileReference; fileEncoding = 4; lastKnownFileType = sourcecode.c.objc; path = LGFilterView.m; sourceTree = "<group>"; };
		4A2C41C41BF4D8CA00D071CD /* LGFilterViewCell.h */ = {isa = PBXFileReference; fileEncoding = 4; lastKnownFileType = sourcecode.c.h; path = LGFilterViewCell.h; sourceTree = "<group>"; };
		4A2C41C51BF4D8CA00D071CD /* LGFilterViewCell.m */ = {isa = PBXFileReference; fileEncoding = 4; lastKnownFileType = sourcecode.c.objc; path = LGFilterViewCell.m; sourceTree = "<group>"; };
		4A6355F01AC96C0800F51478 /* LGFilterViewDemo.app */ = {isa = PBXFileReference; explicitFileType = wrapper.application; includeInIndex = 0; path = LGFilterViewDemo.app; sourceTree = BUILT_PRODUCTS_DIR; };
		4A6355F41AC96C0800F51478 /* Info.plist */ = {isa = PBXFileReference; lastKnownFileType = text.plist.xml; path = Info.plist; sourceTree = "<group>"; };
		4A6355F51AC96C0800F51478 /* main.m */ = {isa = PBXFileReference; lastKnownFileType = sourcecode.c.objc; path = main.m; sourceTree = "<group>"; };
		4A6355F71AC96C0800F51478 /* AppDelegate.h */ = {isa = PBXFileReference; lastKnownFileType = sourcecode.c.h; path = AppDelegate.h; sourceTree = "<group>"; };
		4A6355F81AC96C0800F51478 /* AppDelegate.m */ = {isa = PBXFileReference; lastKnownFileType = sourcecode.c.objc; path = AppDelegate.m; sourceTree = "<group>"; };
		4A6355FA1AC96C0800F51478 /* ViewController.h */ = {isa = PBXFileReference; lastKnownFileType = sourcecode.c.h; path = ViewController.h; sourceTree = "<group>"; };
		4A6355FB1AC96C0800F51478 /* ViewController.m */ = {isa = PBXFileReference; lastKnownFileType = sourcecode.c.objc; path = ViewController.m; sourceTree = "<group>"; };
		4A6356001AC96C0800F51478 /* Images.xcassets */ = {isa = PBXFileReference; lastKnownFileType = folder.assetcatalog; path = Images.xcassets; sourceTree = "<group>"; };
		4A6356191AC96CF900F51478 /* NavigationController.h */ = {isa = PBXFileReference; fileEncoding = 4; lastKnownFileType = sourcecode.c.h; path = NavigationController.h; sourceTree = "<group>"; };
		4A63561A1AC96CF900F51478 /* NavigationController.m */ = {isa = PBXFileReference; fileEncoding = 4; lastKnownFileType = sourcecode.c.objc; path = NavigationController.m; sourceTree = "<group>"; };
/* End PBXFileReference section */

/* Begin PBXFrameworksBuildPhase section */
		4A6355ED1AC96C0800F51478 /* Frameworks */ = {
			isa = PBXFrameworksBuildPhase;
			buildActionMask = 2147483647;
			files = (
			);
			runOnlyForDeploymentPostprocessing = 0;
		};
/* End PBXFrameworksBuildPhase section */

/* Begin PBXGroup section */
		13E45E08B4F64F8B8933F5A0 /* Frameworks */ = {
			isa = PBXGroup;
			children = (
			);
			name = Frameworks;
			sourceTree = "<group>";
		};
		4A2C41C11BF4D8CA00D071CD /* LGFilterView */ = {
			isa = PBXGroup;
			children = (
				4A2C41C21BF4D8CA00D071CD /* LGFilterView.h */,
				4A2C41C31BF4D8CA00D071CD /* LGFilterView.m */,
				4A2C41C41BF4D8CA00D071CD /* LGFilterViewCell.h */,
				4A2C41C51BF4D8CA00D071CD /* LGFilterViewCell.m */,
			);
			name = LGFilterView;
			path = ../LGFilterView;
			sourceTree = "<group>";
		};
		4A6355E71AC96C0800F51478 = {
			isa = PBXGroup;
			children = (
				4A2C41C11BF4D8CA00D071CD /* LGFilterView */,
				4A6355F21AC96C0800F51478 /* LGFilterViewDemo */,
				4A6355F11AC96C0800F51478 /* Products */,
				13E45E08B4F64F8B8933F5A0 /* Frameworks */,
			);
			sourceTree = "<group>";
		};
		4A6355F11AC96C0800F51478 /* Products */ = {
			isa = PBXGroup;
			children = (
				4A6355F01AC96C0800F51478 /* LGFilterViewDemo.app */,
			);
			name = Products;
			sourceTree = "<group>";
		};
		4A6355F21AC96C0800F51478 /* LGFilterViewDemo */ = {
			isa = PBXGroup;
			children = (
				4A6355F71AC96C0800F51478 /* AppDelegate.h */,
				4A6355F81AC96C0800F51478 /* AppDelegate.m */,
				4A6356191AC96CF900F51478 /* NavigationController.h */,
				4A63561A1AC96CF900F51478 /* NavigationController.m */,
				4A6355FA1AC96C0800F51478 /* ViewController.h */,
				4A6355FB1AC96C0800F51478 /* ViewController.m */,
				4A6356001AC96C0800F51478 /* Images.xcassets */,
				4A6355F31AC96C0800F51478 /* Supporting Files */,
			);
			path = LGFilterViewDemo;
			sourceTree = "<group>";
		};
		4A6355F31AC96C0800F51478 /* Supporting Files */ = {
			isa = PBXGroup;
			children = (
				4A6355F41AC96C0800F51478 /* Info.plist */,
				4A6355F51AC96C0800F51478 /* main.m */,
			);
			name = "Supporting Files";
			sourceTree = "<group>";
		};
/* End PBXGroup section */

/* Begin PBXNativeTarget section */
		4A6355EF1AC96C0800F51478 /* LGFilterViewDemo */ = {
			isa = PBXNativeTarget;
			buildConfigurationList = 4A6356131AC96C0800F51478 /* Build configuration list for PBXNativeTarget "LGFilterViewDemo" */;
			buildPhases = (
				4A6355EC1AC96C0800F51478 /* Sources */,
				4A6355ED1AC96C0800F51478 /* Frameworks */,
				4A6355EE1AC96C0800F51478 /* Resources */,
			);
			buildRules = (
			);
			dependencies = (
			);
			name = LGFilterViewDemo;
			productName = LGFilterViewDemo;
			productReference = 4A6355F01AC96C0800F51478 /* LGFilterViewDemo.app */;
			productType = "com.apple.product-type.application";
		};
/* End PBXNativeTarget section */

/* Begin PBXProject section */
		4A6355E81AC96C0800F51478 /* Project object */ = {
			isa = PBXProject;
			attributes = {
				LastUpgradeCheck = 0710;
				ORGANIZATIONNAME = "Grigory Lutkov";
				TargetAttributes = {
					4A6355EF1AC96C0800F51478 = {
						CreatedOnToolsVersion = 6.2;
					};
				};
			};
			buildConfigurationList = 4A6355EB1AC96C0800F51478 /* Build configuration list for PBXProject "LGFilterViewDemo" */;
			compatibilityVersion = "Xcode 3.2";
			developmentRegion = English;
			hasScannedForEncodings = 0;
			knownRegions = (
				en,
				Base,
			);
			mainGroup = 4A6355E71AC96C0800F51478;
			productRefGroup = 4A6355F11AC96C0800F51478 /* Products */;
			projectDirPath = "";
			projectRoot = "";
			targets = (
				4A6355EF1AC96C0800F51478 /* LGFilterViewDemo */,
			);
		};
/* End PBXProject section */

/* Begin PBXResourcesBuildPhase section */
		4A6355EE1AC96C0800F51478 /* Resources */ = {
			isa = PBXResourcesBuildPhase;
			buildActionMask = 2147483647;
			files = (
				4A6356011AC96C0800F51478 /* Images.xcassets in Resources */,
			);
			runOnlyForDeploymentPostprocessing = 0;
		};
/* End PBXResourcesBuildPhase section */

/* Begin PBXSourcesBuildPhase section */
		4A6355EC1AC96C0800F51478 /* Sources */ = {
			isa = PBXSourcesBuildPhase;
			buildActionMask = 2147483647;
			files = (
				4A6355FC1AC96C0800F51478 /* ViewController.m in Sources */,
				4A2C41C71BF4D8CA00D071CD /* LGFilterViewCell.m in Sources */,
				4A2C41C61BF4D8CA00D071CD /* LGFilterView.m in Sources */,
				4A63561B1AC96CF900F51478 /* NavigationController.m in Sources */,
				4A6355F91AC96C0800F51478 /* AppDelegate.m in Sources */,
				4A6355F61AC96C0800F51478 /* main.m in Sources */,
			);
			runOnlyForDeploymentPostprocessing = 0;
		};
/* End PBXSourcesBuildPhase section */

/* Begin XCBuildConfiguration section */
		4A6356111AC96C0800F51478 /* Debug */ = {
			isa = XCBuildConfiguration;
			buildSettings = {
				ALWAYS_SEARCH_USER_PATHS = NO;
				CLANG_CXX_LANGUAGE_STANDARD = "gnu++0x";
				CLANG_CXX_LIBRARY = "libc++";
				CLANG_ENABLE_MODULES = YES;
				CLANG_ENABLE_OBJC_ARC = YES;
				CLANG_WARN_BOOL_CONVERSION = YES;
				CLANG_WARN_CONSTANT_CONVERSION = YES;
				CLANG_WARN_DIRECT_OBJC_ISA_USAGE = YES_ERROR;
				CLANG_WARN_EMPTY_BODY = YES;
				CLANG_WARN_ENUM_CONVERSION = YES;
				CLANG_WARN_INT_CONVERSION = YES;
				CLANG_WARN_OBJC_ROOT_CLASS = YES_ERROR;
				CLANG_WARN_UNREACHABLE_CODE = YES;
				CLANG_WARN__DUPLICATE_METHOD_MATCH = YES;
				"CODE_SIGN_IDENTITY[sdk=iphoneos*]" = "iPhone Developer";
				COPY_PHASE_STRIP = NO;
				ENABLE_STRICT_OBJC_MSGSEND = YES;
				ENABLE_TESTABILITY = YES;
				GCC_C_LANGUAGE_STANDARD = gnu99;
				GCC_DYNAMIC_NO_PIC = NO;
				GCC_OPTIMIZATION_LEVEL = 0;
				GCC_PREPROCESSOR_DEFINITIONS = (
					"DEBUG=1",
					"$(inherited)",
				);
				GCC_SYMBOLS_PRIVATE_EXTERN = NO;
				GCC_WARN_64_TO_32_BIT_CONVERSION = YES;
				GCC_WARN_ABOUT_RETURN_TYPE = YES_ERROR;
				GCC_WARN_UNDECLARED_SELECTOR = YES;
				GCC_WARN_UNINITIALIZED_AUTOS = YES_AGGRESSIVE;
				GCC_WARN_UNUSED_FUNCTION = YES;
				GCC_WARN_UNUSED_VARIABLE = YES;
				IPHONEOS_DEPLOYMENT_TARGET = 6.0;
				MTL_ENABLE_DEBUG_INFO = YES;
				ONLY_ACTIVE_ARCH = YES;
				SDKROOT = iphoneos;
				TARGETED_DEVICE_FAMILY = "1,2";
			};
			name = Debug;
		};
		4A6356121AC96C0800F51478 /* Release */ = {
			isa = XCBuildConfiguration;
			buildSettings = {
				ALWAYS_SEARCH_USER_PATHS = NO;
				CLANG_CXX_LANGUAGE_STANDARD = "gnu++0x";
				CLANG_CXX_LIBRARY = "libc++";
				CLANG_ENABLE_MODULES = YES;
				CLANG_ENABLE_OBJC_ARC = YES;
				CLANG_WARN_BOOL_CONVERSION = YES;
				CLANG_WARN_CONSTANT_CONVERSION = YES;
				CLANG_WARN_DIRECT_OBJC_ISA_USAGE = YES_ERROR;
				CLANG_WARN_EMPTY_BODY = YES;
				CLANG_WARN_ENUM_CONVERSION = YES;
				CLANG_WARN_INT_CONVERSION = YES;
				CLANG_WARN_OBJC_ROOT_CLASS = YES_ERROR;
				CLANG_WARN_UNREACHABLE_CODE = YES;
				CLANG_WARN__DUPLICATE_METHOD_MATCH = YES;
				"CODE_SIGN_IDENTITY[sdk=iphoneos*]" = "iPhone Developer";
				COPY_PHASE_STRIP = NO;
				ENABLE_NS_ASSERTIONS = NO;
				ENABLE_STRICT_OBJC_MSGSEND = YES;
				GCC_C_LANGUAGE_STANDARD = gnu99;
				GCC_WARN_64_TO_32_BIT_CONVERSION = YES;
				GCC_WARN_ABOUT_RETURN_TYPE = YES_ERROR;
				GCC_WARN_UNDECLARED_SELECTOR = YES;
				GCC_WARN_UNINITIALIZED_AUTOS = YES_AGGRESSIVE;
				GCC_WARN_UNUSED_FUNCTION = YES;
				GCC_WARN_UNUSED_VARIABLE = YES;
				IPHONEOS_DEPLOYMENT_TARGET = 6.0;
				MTL_ENABLE_DEBUG_INFO = NO;
				SDKROOT = iphoneos;
				TARGETED_DEVICE_FAMILY = "1,2";
				VALIDATE_PRODUCT = YES;
			};
			name = Release;
		};
		4A6356141AC96C0800F51478 /* Debug */ = {
			isa = XCBuildConfiguration;
			buildSettings = {
				ASSETCATALOG_COMPILER_APPICON_NAME = AppIcon;
				ASSETCATALOG_COMPILER_LAUNCHIMAGE_NAME = LaunchImage;
				INFOPLIST_FILE = LGFilterViewDemo/Info.plist;
				IPHONEOS_DEPLOYMENT_TARGET = 6.0;
				LD_RUNPATH_SEARCH_PATHS = "$(inherited) @executable_path/Frameworks";
				PRODUCT_BUNDLE_IDENTIFIER = "com.test.$(PRODUCT_NAME)";
				PRODUCT_NAME = "$(TARGET_NAME)";
			};
			name = Debug;
		};
		4A6356151AC96C0800F51478 /* Release */ = {
			isa = XCBuildConfiguration;
			buildSettings = {
				ASSETCATALOG_COMPILER_APPICON_NAME = AppIcon;
				ASSETCATALOG_COMPILER_LAUNCHIMAGE_NAME = LaunchImage;
				INFOPLIST_FILE = LGFilterViewDemo/Info.plist;
				IPHONEOS_DEPLOYMENT_TARGET = 6.0;
				LD_RUNPATH_SEARCH_PATHS = "$(inherited) @executable_path/Frameworks";
				PRODUCT_BUNDLE_IDENTIFIER = "com.test.$(PRODUCT_NAME)";
				PRODUCT_NAME = "$(TARGET_NAME)";
			};
			name = Release;
		};
/* End XCBuildConfiguration section */

/* Begin XCConfigurationList section */
		4A6355EB1AC96C0800F51478 /* Build configuration list for PBXProject "LGFilterViewDemo" */ = {
			isa = XCConfigurationList;
			buildConfigurations = (
				4A6356111AC96C0800F51478 /* Debug */,
				4A6356121AC96C0800F51478 /* Release */,
			);
			defaultConfigurationIsVisible = 0;
			defaultConfigurationName = Release;
		};
		4A6356131AC96C0800F51478 /* Build configuration list for PBXNativeTarget "LGFilterViewDemo" */ = {
			isa = XCConfigurationList;
			buildConfigurations = (
				4A6356141AC96C0800F51478 /* Debug */,
				4A6356151AC96C0800F51478 /* Release */,
			);
			defaultConfigurationIsVisible = 0;
			defaultConfigurationName = Release;
		};
/* End XCConfigurationList section */
	};
	rootObject = 4A6355E81AC96C0800F51478 /* Project object */;
}
